
Microsoft Visual Studio Solution File, Format Version 12.00
# Visual Studio Version 16
VisualStudioVersion = 16.0.30225.117
MinimumVisualStudioVersion = 10.0.40219.1
Project("{FAE04EC0-301F-11D3-BF4B-00C04F79EFBC}") = "WebAPI_BanHangOnline", "WebAPI_BanHangOnline\WebAPI_BanHangOnline.csproj", "{3F44B0B2-E93B-470C-BF85-6E8D53636623}"
EndProject
Global
	GlobalSection(SolutionConfigurationPlatforms) = preSolution
		Debug|Any CPU = Debug|Any CPU
		Release|Any CPU = Release|Any CPU
	EndGlobalSection
	GlobalSection(ProjectConfigurationPlatforms) = postSolution
		{3F44B0B2-E93B-470C-BF85-6E8D53636623}.Debug|Any CPU.ActiveCfg = Debug|Any CPU
		{3F44B0B2-E93B-470C-BF85-6E8D53636623}.Debug|Any CPU.Build.0 = Debug|Any CPU
		{3F44B0B2-E93B-470C-BF85-6E8D53636623}.Release|Any CPU.ActiveCfg = Release|Any CPU
		{3F44B0B2-E93B-470C-BF85-6E8D53636623}.Release|Any CPU.Build.0 = Release|Any CPU
	EndGlobalSection
	GlobalSection(SolutionProperties) = preSolution
		HideSolutionNode = FALSE
	EndGlobalSection
	GlobalSection(ExtensibilityGlobals) = postSolution
		SolutionGuid = {E7591078-ABC4-42DB-809C-BBE0F9F75297}
	EndGlobalSection
EndGlobal
